{
  "name": "Merver",
  "version": "1.0.0",
  "lockfileVersion": 1,
  "requires": true,
  "dependencies": {
    "am-merver": {
      "version": "0.0.7",
      "resolved": "https://registry.npmjs.org/am-merver/-/am-merver-0.0.7.tgz",
      "integrity": "sha512-79KBzUZ15VoHxzcLdr02GMHWWqpaZZazy+R7/RVbSJYF2nMEJJpnTVInr1S2GkPJGiOwo8u1oWk8On4Vftx4Sw=="
    }
  }
}
