{
  "name": "Merver",
  "version": "1.0.0",
  "lockfileVersion": 1,
  "requires": true,
  "dependencies": {
    "am-merver": {
      "version": "0.0.4",
      "resolved": "https://registry.npmjs.org/am-merver/-/am-merver-0.0.4.tgz",
      "integrity": "sha512-HHhratJq+scMM2KiCk8G51BmoAryQ4XfyYeMo1FAdhwaHbhFeEKfd0T2PLs7QkKmAfESAoGjwaOziT+UiVI6MA=="
    }
  }
}
